core:changelogs:
  - content: "---\npackages:\n  et:\n    type: patch\n---\n\n### Identify the et.rs port in `--version` output\n\n`--version` on every role (`et`, `etserver`, `etterminal`, `htm`, `htmd`) now\nprints the et.rs identity and project URL:\n\n```\net version 0.0.3 (et.rs)\nA Rust port of Eternal Terminal\nhttps://github.com/minpeter/et.rs\n```\n\n`-V` keeps the short upstream-compatible `et version X.Y.Z` line for scripts.\n`etterminal` gains `--version`/`-V` support.\n"
    filename: long-version-identity.md
    v: 0.0.0
core:packages:
  - changelogIds:
      - long-version-identity.md
    id: cargo:et
    updated: true
