core:changelogs:
  - content: "---\npackages:\n  et:\n    type: patch\n---\n\n## Remove blank lines before the login prompt\n\nCollapse trailing blank lines after assembling the server's complete MOTD so\nnew ET sessions place the shell prompt directly below the final login message.\nBlank lines within a message and between separate MOTD sources remain intact.\n"
    filename: fix-motd-trailing-blank-lines.md
    v: 0.0.0
core:packages:
  - changelogIds:
      - fix-motd-trailing-blank-lines.md
    id: cargo:et
    updated: true
